Microsoft Visual Studio Solution File, Format Version 12.00
# Visual Studio 2013
Project("{8BC9CEB8-8B4A-11D0-8D11-00A0C91BC942}") = "ALL_BUILD", "ALL_BUILD.vcxproj", "{8AAC2961-5812-3D77-A638-21B90D43A051}"
	ProjectSection(ProjectDependencies) = postProject
		{246FF06F-3D51-3412-8401-3C70D702599E} = {246FF06F-3D51-3412-8401-3C70D702599E}
		{740B3703-FD76-33A3-9544-E0AB08FEB197} = {740B3703-FD76-33A3-9544-E0AB08FEB197}
		{B8A7686A-F8E8-3F33-BC22-0BE3076101F1} = {B8A7686A-F8E8-3F33-BC22-0BE3076101F1}
		{CAB121C3-9541-3CC9-A628-C3FC9CE3EFAC} = {CAB121C3-9541-3CC9-A628-C3FC9CE3EFAC}
		{7CA2FDF9-F1AA-3667-865B-D5DED8122A4B} = {7CA2FDF9-F1AA-3667-865B-D5DED8122A4B}
		{86CF22C4-6F5F-3639-97A8-0B1BF44365C5} = {86CF22C4-6F5F-3639-97A8-0B1BF44365C5}
		{AE3CBAF0-3B2F-322A-B194-942E928AEA2D} = {AE3CBAF0-3B2F-322A-B194-942E928AEA2D}
		{4A26A2FE-EE8C-3110-BF5D-8D7FCD49A986} = {4A26A2FE-EE8C-3110-BF5D-8D7FCD49A986}
		{6A1B1E78-7CED-36E1-AB45-568799E0BFE8} = {6A1B1E78-7CED-36E1-AB45-568799E0BFE8}
		{AE5CB272-67E5-3FFB-881E-D73087B24C06} = {AE5CB272-67E5-3FFB-881E-D73087B24C06}
		{254B5488-A88D-32DC-BA9C-B4E8F096A46C} = {254B5488-A88D-32DC-BA9C-B4E8F096A46C}
		{F7BE4B5C-DD05-38AC-8C35-9497F761748A} = {F7BE4B5C-DD05-38AC-8C35-9497F761748A}
		{22DE59A5-4D6D-3BF5-BC4A-C653359DE53B} = {22DE59A5-4D6D-3BF5-BC4A-C653359DE53B}
		{18ADB613-AB30-38BC-B559-2C45F48E997F} = {18ADB613-AB30-38BC-B559-2C45F48E997F}
		{C767C3B5-2323-3B6A-B524-CB9FC44F56AD} = {C767C3B5-2323-3B6A-B524-CB9FC44F56AD}
		{422BC45B-A74C-3731-A5F6-2C39D6B21F39} = {422BC45B-A74C-3731-A5F6-2C39D6B21F39}
		{A78B1CF1-04DD-3BBE-AA6B-EE49F395765C} = {A78B1CF1-04DD-3BBE-AA6B-EE49F395765C}
		{1FF40D31-8642-3FE5-A358-272F55983F1C} = {1FF40D31-8642-3FE5-A358-272F55983F1C}
		{7A5082C4-12A2-3703-9F04-1EF9779E6A7B} = {7A5082C4-12A2-3703-9F04-1EF9779E6A7B}
		{47F46BE6-D372-377E-9293-9D8FD5550CC0} = {47F46BE6-D372-377E-9293-9D8FD5550CC0}
		{3BE8C2CE-8E4D-3286-945E-6B2FEA84F144} = {3BE8C2CE-8E4D-3286-945E-6B2FEA84F144}
		{403E78D0-5345-3E7B-A21A-11D8B8CA6049} = {403E78D0-5345-3E7B-A21A-11D8B8CA6049}
		{46CEA4BB-2702-3AF5-8F6A-018870328B51} = {46CEA4BB-2702-3AF5-8F6A-018870328B51}
		{9D4884C3-42FE-3277-A34F-781C732F6B29} = {9D4884C3-42FE-3277-A34F-781C732F6B29}
		{215D2052-638C-3D57-AB89-FE184ADBBE2D} = {215D2052-638C-3D57-AB89-FE184ADBBE2D}
		{901D55BA-71EB-3962-83D8-F9762DB862FB} = {901D55BA-71EB-3962-83D8-F9762DB862FB}
		{71C4BFC6-1F0D-39A8-A52B-17E4CB6C77FF} = {71C4BFC6-1F0D-39A8-A52B-17E4CB6C77FF}
		{0569A5FF-F8F1-3E90-80AE-A3E13ECC707A} = {0569A5FF-F8F1-3E90-80AE-A3E13ECC707A}
		{0DFF76C7-6E69-3AAE-8D15-37203542C187} = {0DFF76C7-6E69-3AAE-8D15-37203542C187}
		{BFF71DC7-CC03-3F70-8515-A13D3E3734E0} = {BFF71DC7-CC03-3F70-8515-A13D3E3734E0}
		{C3DAF9F5-7397-359C-984F-1898588B6E29} = {C3DAF9F5-7397-359C-984F-1898588B6E29}
		{B77E6DB8-FC6C-3E43-A017-1461E5204C64} = {B77E6DB8-FC6C-3E43-A017-1461E5204C64}
		{AB985708-A70A-39B0-A2B4-86B8DC720D3D} = {AB985708-A70A-39B0-A2B4-86B8DC720D3D}
		{6C25B327-09EF-363E-86A6-A41B0C469FD3} = {6C25B327-09EF-363E-86A6-A41B0C469FD3}
		{1E110C53-A627-3C2B-BE77-B50E59B9BFEC} = {1E110C53-A627-3C2B-BE77-B50E59B9BFEC}
		{C80717F7-75A2-3B13-A70C-5EA6247D4F10} = {C80717F7-75A2-3B13-A70C-5EA6247D4F10}
		{3368603E-DCD4-3E66-A8BA-177C63F02136} = {3368603E-DCD4-3E66-A8BA-177C63F02136}
		{E5F52792-E865-3916-8FF1-13C6645FF7CA} = {E5F52792-E865-3916-8FF1-13C6645FF7CA}
	EndProjectSection
EndProject
Project("{8BC9CEB8-8B4A-11D0-8D11-00A0C91BC942}") = "INSTALL", "INSTALL.vcxproj", "{5ACC9274-7045-3A38-948E-5D3ABAD63673}"
	ProjectSection(ProjectDependencies) = postProject
		{8AAC2961-5812-3D77-A638-21B90D43A051} = {8AAC2961-5812-3D77-A638-21B90D43A051}
		{246FF06F-3D51-3412-8401-3C70D702599E} = {246FF06F-3D51-3412-8401-3C70D702599E}
	EndProjectSection
EndProject
Project("{8BC9CEB8-8B4A-11D0-8D11-00A0C91BC942}") = "PACKAGE", "PACKAGE.vcxproj", "{1CD3442E-EF74-380C-97A1-0D9F34765A50}"
	ProjectSection(ProjectDependencies) = postProject
		{8AAC2961-5812-3D77-A638-21B90D43A051} = {8AAC2961-5812-3D77-A638-21B90D43A051}
		{246FF06F-3D51-3412-8401-3C70D702599E} = {246FF06F-3D51-3412-8401-3C70D702599E}
	EndProjectSection
EndProject
Project("{8BC9CEB8-8B4A-11D0-8D11-00A0C91BC942}") = "RUN_TESTS", "RUN_TESTS.vcxproj", "{D1B2EC30-0FF9-3FBF-9D06-6237E0EEBD8A}"
	ProjectSection(ProjectDependencies) = postProject
		{246FF06F-3D51-3412-8401-3C70D702599E} = {246FF06F-3D51-3412-8401-3C70D702599E}
	EndProjectSection
EndProject
Project("{8BC9CEB8-8B4A-11D0-8D11-00A0C91BC942}") = "ZERO_CHECK", "ZERO_CHECK.vcxproj", "{246FF06F-3D51-3412-8401-3C70D702599E}"
	ProjectSection(ProjectDependencies) = postProject
	EndProjectSection
EndProject
Project("{8BC9CEB8-8B4A-11D0-8D11-00A0C91BC942}") = "copy_example_dependencies", "example\copy_example_dependencies.vcxproj", "{FB95C375-BB25-3E67-B942-5D49B9AD18F1}"
	ProjectSection(ProjectDependencies) = postProject
		{246FF06F-3D51-3412-8401-3C70D702599E} = {246FF06F-3D51-3412-8401-3C70D702599E}
		{9D4884C3-42FE-3277-A34F-781C732F6B29} = {9D4884C3-42FE-3277-A34F-781C732F6B29}
	EndProjectSection
EndProject
Project("{8BC9CEB8-8B4A-11D0-8D11-00A0C91BC942}") = "copy_test_dependencies", "tests\copy_test_dependencies.vcxproj", "{321EE4C5-5C16-3951-996D-24DD446B21FD}"
	ProjectSection(ProjectDependencies) = postProject
		{246FF06F-3D51-3412-8401-3C70D702599E} = {246FF06F-3D51-3412-8401-3C70D702599E}
		{9D4884C3-42FE-3277-A34F-781C732F6B29} = {9D4884C3-42FE-3277-A34F-781C732F6B29}
	EndProjectSection
EndProject
Project("{8BC9CEB8-8B4A-11D0-8D11-00A0C91BC942}") = "example-direct_tcpip", "example\example-direct_tcpip.vcxproj", "{740B3703-FD76-33A3-9544-E0AB08FEB197}"
	ProjectSection(ProjectDependencies) = postProject
		{246FF06F-3D51-3412-8401-3C70D702599E} = {246FF06F-3D51-3412-8401-3C70D702599E}
		{FB95C375-BB25-3E67-B942-5D49B9AD18F1} = {FB95C375-BB25-3E67-B942-5D49B9AD18F1}
		{9D4884C3-42FE-3277-A34F-781C732F6B29} = {9D4884C3-42FE-3277-A34F-781C732F6B29}
	EndProjectSection
EndProject
Project("{8BC9CEB8-8B4A-11D0-8D11-00A0C91BC942}") = "example-scp", "example\example-scp.vcxproj", "{B8A7686A-F8E8-3F33-BC22-0BE3076101F1}"
	ProjectSection(ProjectDependencies) = postProject
		{246FF06F-3D51-3412-8401-3C70D702599E} = {246FF06F-3D51-3412-8401-3C70D702599E}
		{FB95C375-BB25-3E67-B942-5D49B9AD18F1} = {FB95C375-BB25-3E67-B942-5D49B9AD18F1}
		{9D4884C3-42FE-3277-A34F-781C732F6B29} = {9D4884C3-42FE-3277-A34F-781C732F6B29}
	EndProjectSection
EndProject
Project("{8BC9CEB8-8B4A-11D0-8D11-00A0C91BC942}") = "example-scp_nonblock", "example\example-scp_nonblock.vcxproj", "{CAB121C3-9541-3CC9-A628-C3FC9CE3EFAC}"
	ProjectSection(ProjectDependencies) = postProject
		{246FF06F-3D51-3412-8401-3C70D702599E} = {246FF06F-3D51-3412-8401-3C70D702599E}
		{FB95C375-BB25-3E67-B942-5D49B9AD18F1} = {FB95C375-BB25-3E67-B942-5D49B9AD18F1}
		{9D4884C3-42FE-3277-A34F-781C732F6B29} = {9D4884C3-42FE-3277-A34F-781C732F6B29}
	EndProjectSection
EndProject
Project("{8BC9CEB8-8B4A-11D0-8D11-00A0C91BC942}") = "example-scp_write", "example\example-scp_write.vcxproj", "{7CA2FDF9-F1AA-3667-865B-D5DED8122A4B}"
	ProjectSection(ProjectDependencies) = postProject
		{246FF06F-3D51-3412-8401-3C70D702599E} = {246FF06F-3D51-3412-8401-3C70D702599E}
		{FB95C375-BB25-3E67-B942-5D49B9AD18F1} = {FB95C375-BB25-3E67-B942-5D49B9AD18F1}
		{9D4884C3-42FE-3277-A34F-781C732F6B29} = {9D4884C3-42FE-3277-A34F-781C732F6B29}
	EndProjectSection
EndProject
Project("{8BC9CEB8-8B4A-11D0-8D11-00A0C91BC942}") = "example-scp_write_nonblock", "example\example-scp_write_nonblock.vcxproj", "{86CF22C4-6F5F-3639-97A8-0B1BF44365C5}"
	ProjectSection(ProjectDependencies) = postProject
		{246FF06F-3D51-3412-8401-3C70D702599E} = {246FF06F-3D51-3412-8401-3C70D702599E}
		{FB95C375-BB25-3E67-B942-5D49B9AD18F1} = {FB95C375-BB25-3E67-B942-5D49B9AD18F1}
		{9D4884C3-42FE-3277-A34F-781C732F6B29} = {9D4884C3-42FE-3277-A34F-781C732F6B29}
	EndProjectSection
EndProject
Project("{8BC9CEB8-8B4A-11D0-8D11-00A0C91BC942}") = "example-sftp", "example\example-sftp.vcxproj", "{AE3CBAF0-3B2F-322A-B194-942E928AEA2D}"
	ProjectSection(ProjectDependencies) = postProject
		{246FF06F-3D51-3412-8401-3C70D702599E} = {246FF06F-3D51-3412-8401-3C70D702599E}
		{FB95C375-BB25-3E67-B942-5D49B9AD18F1} = {FB95C375-BB25-3E67-B942-5D49B9AD18F1}
		{9D4884C3-42FE-3277-A34F-781C732F6B29} = {9D4884C3-42FE-3277-A34F-781C732F6B29}
	EndProjectSection
EndProject
Project("{8BC9CEB8-8B4A-11D0-8D11-00A0C91BC942}") = "example-sftp_RW_nonblock", "example\example-sftp_RW_nonblock.vcxproj", "{4A26A2FE-EE8C-3110-BF5D-8D7FCD49A986}"
	ProjectSection(ProjectDependencies) = postProject
		{246FF06F-3D51-3412-8401-3C70D702599E} = {246FF06F-3D51-3412-8401-3C70D702599E}
		{FB95C375-BB25-3E67-B942-5D49B9AD18F1} = {FB95C375-BB25-3E67-B942-5D49B9AD18F1}
		{9D4884C3-42FE-3277-A34F-781C732F6B29} = {9D4884C3-42FE-3277-A34F-781C732F6B29}
	EndProjectSection
EndProject
Project("{8BC9CEB8-8B4A-11D0-8D11-00A0C91BC942}") = "example-sftp_append", "example\example-sftp_append.vcxproj", "{6A1B1E78-7CED-36E1-AB45-568799E0BFE8}"
	ProjectSection(ProjectDependencies) = postProject
		{246FF06F-3D51-3412-8401-3C70D702599E} = {246FF06F-3D51-3412-8401-3C70D702599E}
		{FB95C375-BB25-3E67-B942-5D49B9AD18F1} = {FB95C375-BB25-3E67-B942-5D49B9AD18F1}
		{9D4884C3-42FE-3277-A34F-781C732F6B29} = {9D4884C3-42FE-3277-A34F-781C732F6B29}
	EndProjectSection
EndProject
Project("{8BC9CEB8-8B4A-11D0-8D11-00A0C91BC942}") = "example-sftp_mkdir", "example\example-sftp_mkdir.vcxproj", "{AE5CB272-67E5-3FFB-881E-D73087B24C06}"
	ProjectSection(ProjectDependencies) = postProject
		{246FF06F-3D51-3412-8401-3C70D702599E} = {246FF06F-3D51-3412-8401-3C70D702599E}
		{FB95C375-BB25-3E67-B942-5D49B9AD18F1} = {FB95C375-BB25-3E67-B942-5D49B9AD18F1}
		{9D4884C3-42FE-3277-A34F-781C732F6B29} = {9D4884C3-42FE-3277-A34F-781C732F6B29}
	EndProjectSection
EndProject
Project("{8BC9CEB8-8B4A-11D0-8D11-00A0C91BC942}") = "example-sftp_mkdir_nonblock", "example\example-sftp_mkdir_nonblock.vcxproj", "{254B5488-A88D-32DC-BA9C-B4E8F096A46C}"
	ProjectSection(ProjectDependencies) = postProject
		{246FF06F-3D51-3412-8401-3C70D702599E} = {246FF06F-3D51-3412-8401-3C70D702599E}
		{FB95C375-BB25-3E67-B942-5D49B9AD18F1} = {FB95C375-BB25-3E67-B942-5D49B9AD18F1}
		{9D4884C3-42FE-3277-A34F-781C732F6B29} = {9D4884C3-42FE-3277-A34F-781C732F6B29}
	EndProjectSection
EndProject
Project("{8BC9CEB8-8B4A-11D0-8D11-00A0C91BC942}") = "example-sftp_nonblock", "example\example-sftp_nonblock.vcxproj", "{F7BE4B5C-DD05-38AC-8C35-9497F761748A}"
	ProjectSection(ProjectDependencies) = postProject
		{246FF06F-3D51-3412-8401-3C70D702599E} = {246FF06F-3D51-3412-8401-3C70D702599E}
		{FB95C375-BB25-3E67-B942-5D49B9AD18F1} = {FB95C375-BB25-3E67-B942-5D49B9AD18F1}
		{9D4884C3-42FE-3277-A34F-781C732F6B29} = {9D4884C3-42FE-3277-A34F-781C732F6B29}
	EndProjectSection
EndProject
Project("{8BC9CEB8-8B4A-11D0-8D11-00A0C91BC942}") = "example-sftp_write", "example\example-sftp_write.vcxproj", "{22DE59A5-4D6D-3BF5-BC4A-C653359DE53B}"
	ProjectSection(ProjectDependencies) = postProject
		{246FF06F-3D51-3412-8401-3C70D702599E} = {246FF06F-3D51-3412-8401-3C70D702599E}
		{FB95C375-BB25-3E67-B942-5D49B9AD18F1} = {FB95C375-BB25-3E67-B942-5D49B9AD18F1}
		{9D4884C3-42FE-3277-A34F-781C732F6B29} = {9D4884C3-42FE-3277-A34F-781C732F6B29}
	EndProjectSection
EndProject
Project("{8BC9CEB8-8B4A-11D0-8D11-00A0C91BC942}") = "example-sftp_write_nonblock", "example\example-sftp_write_nonblock.vcxproj", "{18ADB613-AB30-38BC-B559-2C45F48E997F}"
	ProjectSection(ProjectDependencies) = postProject
		{246FF06F-3D51-3412-8401-3C70D702599E} = {246FF06F-3D51-3412-8401-3C70D702599E}
		{FB95C375-BB25-3E67-B942-5D49B9AD18F1} = {FB95C375-BB25-3E67-B942-5D49B9AD18F1}
		{9D4884C3-42FE-3277-A34F-781C732F6B29} = {9D4884C3-42FE-3277-A34F-781C732F6B29}
	EndProjectSection
EndProject
Project("{8BC9CEB8-8B4A-11D0-8D11-00A0C91BC942}") = "example-sftp_write_sliding", "example\example-sftp_write_sliding.vcxproj", "{C767C3B5-2323-3B6A-B524-CB9FC44F56AD}"
	ProjectSection(ProjectDependencies) = postProject
		{246FF06F-3D51-3412-8401-3C70D702599E} = {246FF06F-3D51-3412-8401-3C70D702599E}
		{FB95C375-BB25-3E67-B942-5D49B9AD18F1} = {FB95C375-BB25-3E67-B942-5D49B9AD18F1}
		{9D4884C3-42FE-3277-A34F-781C732F6B29} = {9D4884C3-42FE-3277-A34F-781C732F6B29}
	EndProjectSection
EndProject
Project("{8BC9CEB8-8B4A-11D0-8D11-00A0C91BC942}") = "example-sftpdir", "example\example-sftpdir.vcxproj", "{422BC45B-A74C-3731-A5F6-2C39D6B21F39}"
	ProjectSection(ProjectDependencies) = postProject
		{246FF06F-3D51-3412-8401-3C70D702599E} = {246FF06F-3D51-3412-8401-3C70D702599E}
		{FB95C375-BB25-3E67-B942-5D49B9AD18F1} = {FB95C375-BB25-3E67-B942-5D49B9AD18F1}
		{9D4884C3-42FE-3277-A34F-781C732F6B29} = {9D4884C3-42FE-3277-A34F-781C732F6B29}
	EndProjectSection
EndProject
Project("{8BC9CEB8-8B4A-11D0-8D11-00A0C91BC942}") = "example-sftpdir_nonblock", "example\example-sftpdir_nonblock.vcxproj", "{A78B1CF1-04DD-3BBE-AA6B-EE49F395765C}"
	ProjectSection(ProjectDependencies) = postProject
		{246FF06F-3D51-3412-8401-3C70D702599E} = {246FF06F-3D51-3412-8401-3C70D702599E}
		{FB95C375-BB25-3E67-B942-5D49B9AD18F1} = {FB95C375-BB25-3E67-B942-5D49B9AD18F1}
		{9D4884C3-42FE-3277-A34F-781C732F6B29} = {9D4884C3-42FE-3277-A34F-781C732F6B29}
	EndProjectSection
EndProject
Project("{8BC9CEB8-8B4A-11D0-8D11-00A0C91BC942}") = "example-ssh2", "example\example-ssh2.vcxproj", "{1FF40D31-8642-3FE5-A358-272F55983F1C}"
	ProjectSection(ProjectDependencies) = postProject
		{246FF06F-3D51-3412-8401-3C70D702599E} = {246FF06F-3D51-3412-8401-3C70D702599E}
		{FB95C375-BB25-3E67-B942-5D49B9AD18F1} = {FB95C375-BB25-3E67-B942-5D49B9AD18F1}
		{9D4884C3-42FE-3277-A34F-781C732F6B29} = {9D4884C3-42FE-3277-A34F-781C732F6B29}
	EndProjectSection
EndProject
Project("{8BC9CEB8-8B4A-11D0-8D11-00A0C91BC942}") = "example-ssh2_agent", "example\example-ssh2_agent.vcxproj", "{7A5082C4-12A2-3703-9F04-1EF9779E6A7B}"
	ProjectSection(ProjectDependencies) = postProject
		{246FF06F-3D51-3412-8401-3C70D702599E} = {246FF06F-3D51-3412-8401-3C70D702599E}
		{FB95C375-BB25-3E67-B942-5D49B9AD18F1} = {FB95C375-BB25-3E67-B942-5D49B9AD18F1}
		{9D4884C3-42FE-3277-A34F-781C732F6B29} = {9D4884C3-42FE-3277-A34F-781C732F6B29}
	EndProjectSection
EndProject
Project("{8BC9CEB8-8B4A-11D0-8D11-00A0C91BC942}") = "example-ssh2_echo", "example\example-ssh2_echo.vcxproj", "{47F46BE6-D372-377E-9293-9D8FD5550CC0}"
	ProjectSection(ProjectDependencies) = postProject
		{246FF06F-3D51-3412-8401-3C70D702599E} = {246FF06F-3D51-3412-8401-3C70D702599E}
		{FB95C375-BB25-3E67-B942-5D49B9AD18F1} = {FB95C375-BB25-3E67-B942-5D49B9AD18F1}
		{9D4884C3-42FE-3277-A34F-781C732F6B29} = {9D4884C3-42FE-3277-A34F-781C732F6B29}
	EndProjectSection
EndProject
Project("{8BC9CEB8-8B4A-11D0-8D11-00A0C91BC942}") = "example-ssh2_exec", "example\example-ssh2_exec.vcxproj", "{3BE8C2CE-8E4D-3286-945E-6B2FEA84F144}"
	ProjectSection(ProjectDependencies) = postProject
		{246FF06F-3D51-3412-8401-3C70D702599E} = {246FF06F-3D51-3412-8401-3C70D702599E}
		{FB95C375-BB25-3E67-B942-5D49B9AD18F1} = {FB95C375-BB25-3E67-B942-5D49B9AD18F1}
		{9D4884C3-42FE-3277-A34F-781C732F6B29} = {9D4884C3-42FE-3277-A34F-781C732F6B29}
	EndProjectSection
EndProject
Project("{8BC9CEB8-8B4A-11D0-8D11-00A0C91BC942}") = "example-subsystem_netconf", "example\example-subsystem_netconf.vcxproj", "{403E78D0-5345-3E7B-A21A-11D8B8CA6049}"
	ProjectSection(ProjectDependencies) = postProject
		{246FF06F-3D51-3412-8401-3C70D702599E} = {246FF06F-3D51-3412-8401-3C70D702599E}
		{FB95C375-BB25-3E67-B942-5D49B9AD18F1} = {FB95C375-BB25-3E67-B942-5D49B9AD18F1}
		{9D4884C3-42FE-3277-A34F-781C732F6B29} = {9D4884C3-42FE-3277-A34F-781C732F6B29}
	EndProjectSection
EndProject
Project("{8BC9CEB8-8B4A-11D0-8D11-00A0C91BC942}") = "example-tcpip-forward", "example\example-tcpip-forward.vcxproj", "{46CEA4BB-2702-3AF5-8F6A-018870328B51}"
	ProjectSection(ProjectDependencies) = postProject
		{246FF06F-3D51-3412-8401-3C70D702599E} = {246FF06F-3D51-3412-8401-3C70D702599E}
		{FB95C375-BB25-3E67-B942-5D49B9AD18F1} = {FB95C375-BB25-3E67-B942-5D49B9AD18F1}
		{9D4884C3-42FE-3277-A34F-781C732F6B29} = {9D4884C3-42FE-3277-A34F-781C732F6B29}
	EndProjectSection
EndProject
Project("{8BC9CEB8-8B4A-11D0-8D11-00A0C91BC942}") = "libssh2", "src\libssh2.vcxproj", "{9D4884C3-42FE-3277-A34F-781C732F6B29}"
	ProjectSection(ProjectDependencies) = postProject
		{246FF06F-3D51-3412-8401-3C70D702599E} = {246FF06F-3D51-3412-8401-3C70D702599E}
	EndProjectSection
EndProject
Project("{8BC9CEB8-8B4A-11D0-8D11-00A0C91BC942}") = "openssh_fixture", "tests\openssh_fixture.vcxproj", "{215D2052-638C-3D57-AB89-FE184ADBBE2D}"
	ProjectSection(ProjectDependencies) = postProject
		{246FF06F-3D51-3412-8401-3C70D702599E} = {246FF06F-3D51-3412-8401-3C70D702599E}
	EndProjectSection
EndProject
Project("{8BC9CEB8-8B4A-11D0-8D11-00A0C91BC942}") = "runner", "tests\runner.vcxproj", "{901D55BA-71EB-3962-83D8-F9762DB862FB}"
	ProjectSection(ProjectDependencies) = postProject
		{246FF06F-3D51-3412-8401-3C70D702599E} = {246FF06F-3D51-3412-8401-3C70D702599E}
		{9D4884C3-42FE-3277-A34F-781C732F6B29} = {9D4884C3-42FE-3277-A34F-781C732F6B29}
		{215D2052-638C-3D57-AB89-FE184ADBBE2D} = {215D2052-638C-3D57-AB89-FE184ADBBE2D}
		{71C4BFC6-1F0D-39A8-A52B-17E4CB6C77FF} = {71C4BFC6-1F0D-39A8-A52B-17E4CB6C77FF}
	EndProjectSection
EndProject
Project("{8BC9CEB8-8B4A-11D0-8D11-00A0C91BC942}") = "session_fixture", "tests\session_fixture.vcxproj", "{71C4BFC6-1F0D-39A8-A52B-17E4CB6C77FF}"
	ProjectSection(ProjectDependencies) = postProject
		{246FF06F-3D51-3412-8401-3C70D702599E} = {246FF06F-3D51-3412-8401-3C70D702599E}
		{9D4884C3-42FE-3277-A34F-781C732F6B29} = {9D4884C3-42FE-3277-A34F-781C732F6B29}
		{215D2052-638C-3D57-AB89-FE184ADBBE2D} = {215D2052-638C-3D57-AB89-FE184ADBBE2D}
	EndProjectSection
EndProject
Project("{8BC9CEB8-8B4A-11D0-8D11-00A0C91BC942}") = "test_hostkey", "tests\test_hostkey.vcxproj", "{0569A5FF-F8F1-3E90-80AE-A3E13ECC707A}"
	ProjectSection(ProjectDependencies) = postProject
		{246FF06F-3D51-3412-8401-3C70D702599E} = {246FF06F-3D51-3412-8401-3C70D702599E}
		{321EE4C5-5C16-3951-996D-24DD446B21FD} = {321EE4C5-5C16-3951-996D-24DD446B21FD}
		{9D4884C3-42FE-3277-A34F-781C732F6B29} = {9D4884C3-42FE-3277-A34F-781C732F6B29}
		{215D2052-638C-3D57-AB89-FE184ADBBE2D} = {215D2052-638C-3D57-AB89-FE184ADBBE2D}
		{901D55BA-71EB-3962-83D8-F9762DB862FB} = {901D55BA-71EB-3962-83D8-F9762DB862FB}
		{71C4BFC6-1F0D-39A8-A52B-17E4CB6C77FF} = {71C4BFC6-1F0D-39A8-A52B-17E4CB6C77FF}
	EndProjectSection
EndProject
Project("{8BC9CEB8-8B4A-11D0-8D11-00A0C91BC942}") = "test_hostkey_hash", "tests\test_hostkey_hash.vcxproj", "{0DFF76C7-6E69-3AAE-8D15-37203542C187}"
	ProjectSection(ProjectDependencies) = postProject
		{246FF06F-3D51-3412-8401-3C70D702599E} = {246FF06F-3D51-3412-8401-3C70D702599E}
		{321EE4C5-5C16-3951-996D-24DD446B21FD} = {321EE4C5-5C16-3951-996D-24DD446B21FD}
		{9D4884C3-42FE-3277-A34F-781C732F6B29} = {9D4884C3-42FE-3277-A34F-781C732F6B29}
		{215D2052-638C-3D57-AB89-FE184ADBBE2D} = {215D2052-638C-3D57-AB89-FE184ADBBE2D}
		{901D55BA-71EB-3962-83D8-F9762DB862FB} = {901D55BA-71EB-3962-83D8-F9762DB862FB}
		{71C4BFC6-1F0D-39A8-A52B-17E4CB6C77FF} = {71C4BFC6-1F0D-39A8-A52B-17E4CB6C77FF}
	EndProjectSection
EndProject
Project("{8BC9CEB8-8B4A-11D0-8D11-00A0C91BC942}") = "test_keyboard_interactive_auth_fails_with_wrong_response", "tests\test_keyboard_interactive_auth_fails_with_wrong_response.vcxproj", "{BFF71DC7-CC03-3F70-8515-A13D3E3734E0}"
	ProjectSection(ProjectDependencies) = postProject
		{246FF06F-3D51-3412-8401-3C70D702599E} = {246FF06F-3D51-3412-8401-3C70D702599E}
		{321EE4C5-5C16-3951-996D-24DD446B21FD} = {321EE4C5-5C16-3951-996D-24DD446B21FD}
		{9D4884C3-42FE-3277-A34F-781C732F6B29} = {9D4884C3-42FE-3277-A34F-781C732F6B29}
		{215D2052-638C-3D57-AB89-FE184ADBBE2D} = {215D2052-638C-3D57-AB89-FE184ADBBE2D}
		{901D55BA-71EB-3962-83D8-F9762DB862FB} = {901D55BA-71EB-3962-83D8-F9762DB862FB}
		{71C4BFC6-1F0D-39A8-A52B-17E4CB6C77FF} = {71C4BFC6-1F0D-39A8-A52B-17E4CB6C77FF}
	EndProjectSection
EndProject
Project("{8BC9CEB8-8B4A-11D0-8D11-00A0C91BC942}") = "test_keyboard_interactive_auth_succeeds_with_correct_response", "tests\test_keyboard_interactive_auth_succeeds_with_correct_response.vcxproj", "{C3DAF9F5-7397-359C-984F-1898588B6E29}"
	ProjectSection(ProjectDependencies) = postProject
		{246FF06F-3D51-3412-8401-3C70D702599E} = {246FF06F-3D51-3412-8401-3C70D702599E}
		{321EE4C5-5C16-3951-996D-24DD446B21FD} = {321EE4C5-5C16-3951-996D-24DD446B21FD}
		{9D4884C3-42FE-3277-A34F-781C732F6B29} = {9D4884C3-42FE-3277-A34F-781C732F6B29}
		{215D2052-638C-3D57-AB89-FE184ADBBE2D} = {215D2052-638C-3D57-AB89-FE184ADBBE2D}
		{901D55BA-71EB-3962-83D8-F9762DB862FB} = {901D55BA-71EB-3962-83D8-F9762DB862FB}
		{71C4BFC6-1F0D-39A8-A52B-17E4CB6C77FF} = {71C4BFC6-1F0D-39A8-A52B-17E4CB6C77FF}
	EndProjectSection
EndProject
Project("{8BC9CEB8-8B4A-11D0-8D11-00A0C91BC942}") = "test_password_auth_fails_with_wrong_password", "tests\test_password_auth_fails_with_wrong_password.vcxproj", "{B77E6DB8-FC6C-3E43-A017-1461E5204C64}"
	ProjectSection(ProjectDependencies) = postProject
		{246FF06F-3D51-3412-8401-3C70D702599E} = {246FF06F-3D51-3412-8401-3C70D702599E}
		{321EE4C5-5C16-3951-996D-24DD446B21FD} = {321EE4C5-5C16-3951-996D-24DD446B21FD}
		{9D4884C3-42FE-3277-A34F-781C732F6B29} = {9D4884C3-42FE-3277-A34F-781C732F6B29}
		{215D2052-638C-3D57-AB89-FE184ADBBE2D} = {215D2052-638C-3D57-AB89-FE184ADBBE2D}
		{901D55BA-71EB-3962-83D8-F9762DB862FB} = {901D55BA-71EB-3962-83D8-F9762DB862FB}
		{71C4BFC6-1F0D-39A8-A52B-17E4CB6C77FF} = {71C4BFC6-1F0D-39A8-A52B-17E4CB6C77FF}
	EndProjectSection
EndProject
Project("{8BC9CEB8-8B4A-11D0-8D11-00A0C91BC942}") = "test_password_auth_fails_with_wrong_username", "tests\test_password_auth_fails_with_wrong_username.vcxproj", "{AB985708-A70A-39B0-A2B4-86B8DC720D3D}"
	ProjectSection(ProjectDependencies) = postProject
		{246FF06F-3D51-3412-8401-3C70D702599E} = {246FF06F-3D51-3412-8401-3C70D702599E}
		{321EE4C5-5C16-3951-996D-24DD446B21FD} = {321EE4C5-5C16-3951-996D-24DD446B21FD}
		{9D4884C3-42FE-3277-A34F-781C732F6B29} = {9D4884C3-42FE-3277-A34F-781C732F6B29}
		{215D2052-638C-3D57-AB89-FE184ADBBE2D} = {215D2052-638C-3D57-AB89-FE184ADBBE2D}
		{901D55BA-71EB-3962-83D8-F9762DB862FB} = {901D55BA-71EB-3962-83D8-F9762DB862FB}
		{71C4BFC6-1F0D-39A8-A52B-17E4CB6C77FF} = {71C4BFC6-1F0D-39A8-A52B-17E4CB6C77FF}
	EndProjectSection
EndProject
Project("{8BC9CEB8-8B4A-11D0-8D11-00A0C91BC942}") = "test_password_auth_succeeds_with_correct_credentials", "tests\test_password_auth_succeeds_with_correct_credentials.vcxproj", "{6C25B327-09EF-363E-86A6-A41B0C469FD3}"
	ProjectSection(ProjectDependencies) = postProject
		{246FF06F-3D51-3412-8401-3C70D702599E} = {246FF06F-3D51-3412-8401-3C70D702599E}
		{321EE4C5-5C16-3951-996D-24DD446B21FD} = {321EE4C5-5C16-3951-996D-24DD446B21FD}
		{9D4884C3-42FE-3277-A34F-781C732F6B29} = {9D4884C3-42FE-3277-A34F-781C732F6B29}
		{215D2052-638C-3D57-AB89-FE184ADBBE2D} = {215D2052-638C-3D57-AB89-FE184ADBBE2D}
		{901D55BA-71EB-3962-83D8-F9762DB862FB} = {901D55BA-71EB-3962-83D8-F9762DB862FB}
		{71C4BFC6-1F0D-39A8-A52B-17E4CB6C77FF} = {71C4BFC6-1F0D-39A8-A52B-17E4CB6C77FF}
	EndProjectSection
EndProject
Project("{8BC9CEB8-8B4A-11D0-8D11-00A0C91BC942}") = "test_public_key_auth_fails_with_wrong_key", "tests\test_public_key_auth_fails_with_wrong_key.vcxproj", "{1E110C53-A627-3C2B-BE77-B50E59B9BFEC}"
	ProjectSection(ProjectDependencies) = postProject
		{246FF06F-3D51-3412-8401-3C70D702599E} = {246FF06F-3D51-3412-8401-3C70D702599E}
		{321EE4C5-5C16-3951-996D-24DD446B21FD} = {321EE4C5-5C16-3951-996D-24DD446B21FD}
		{9D4884C3-42FE-3277-A34F-781C732F6B29} = {9D4884C3-42FE-3277-A34F-781C732F6B29}
		{215D2052-638C-3D57-AB89-FE184ADBBE2D} = {215D2052-638C-3D57-AB89-FE184ADBBE2D}
		{901D55BA-71EB-3962-83D8-F9762DB862FB} = {901D55BA-71EB-3962-83D8-F9762DB862FB}
		{71C4BFC6-1F0D-39A8-A52B-17E4CB6C77FF} = {71C4BFC6-1F0D-39A8-A52B-17E4CB6C77FF}
	EndProjectSection
EndProject
Project("{8BC9CEB8-8B4A-11D0-8D11-00A0C91BC942}") = "test_public_key_auth_succeeds_with_correct_dsa_key", "tests\test_public_key_auth_succeeds_with_correct_dsa_key.vcxproj", "{C80717F7-75A2-3B13-A70C-5EA6247D4F10}"
	ProjectSection(ProjectDependencies) = postProject
		{246FF06F-3D51-3412-8401-3C70D702599E} = {246FF06F-3D51-3412-8401-3C70D702599E}
		{321EE4C5-5C16-3951-996D-24DD446B21FD} = {321EE4C5-5C16-3951-996D-24DD446B21FD}
		{9D4884C3-42FE-3277-A34F-781C732F6B29} = {9D4884C3-42FE-3277-A34F-781C732F6B29}
		{215D2052-638C-3D57-AB89-FE184ADBBE2D} = {215D2052-638C-3D57-AB89-FE184ADBBE2D}
		{901D55BA-71EB-3962-83D8-F9762DB862FB} = {901D55BA-71EB-3962-83D8-F9762DB862FB}
		{71C4BFC6-1F0D-39A8-A52B-17E4CB6C77FF} = {71C4BFC6-1F0D-39A8-A52B-17E4CB6C77FF}
	EndProjectSection
EndProject
Project("{8BC9CEB8-8B4A-11D0-8D11-00A0C91BC942}") = "test_public_key_auth_succeeds_with_correct_encrypted_rsa_key", "tests\test_public_key_auth_succeeds_with_correct_encrypted_rsa_key.vcxproj", "{3368603E-DCD4-3E66-A8BA-177C63F02136}"
	ProjectSection(ProjectDependencies) = postProject
		{246FF06F-3D51-3412-8401-3C70D702599E} = {246FF06F-3D51-3412-8401-3C70D702599E}
		{321EE4C5-5C16-3951-996D-24DD446B21FD} = {321EE4C5-5C16-3951-996D-24DD446B21FD}
		{9D4884C3-42FE-3277-A34F-781C732F6B29} = {9D4884C3-42FE-3277-A34F-781C732F6B29}
		{215D2052-638C-3D57-AB89-FE184ADBBE2D} = {215D2052-638C-3D57-AB89-FE184ADBBE2D}
		{901D55BA-71EB-3962-83D8-F9762DB862FB} = {901D55BA-71EB-3962-83D8-F9762DB862FB}
		{71C4BFC6-1F0D-39A8-A52B-17E4CB6C77FF} = {71C4BFC6-1F0D-39A8-A52B-17E4CB6C77FF}
	EndProjectSection
EndProject
Project("{8BC9CEB8-8B4A-11D0-8D11-00A0C91BC942}") = "test_public_key_auth_succeeds_with_correct_rsa_key", "tests\test_public_key_auth_succeeds_with_correct_rsa_key.vcxproj", "{E5F52792-E865-3916-8FF1-13C6645FF7CA}"
	ProjectSection(ProjectDependencies) = postProject
		{246FF06F-3D51-3412-8401-3C70D702599E} = {246FF06F-3D51-3412-8401-3C70D702599E}
		{321EE4C5-5C16-3951-996D-24DD446B21FD} = {321EE4C5-5C16-3951-996D-24DD446B21FD}
		{9D4884C3-42FE-3277-A34F-781C732F6B29} = {9D4884C3-42FE-3277-A34F-781C732F6B29}
		{215D2052-638C-3D57-AB89-FE184ADBBE2D} = {215D2052-638C-3D57-AB89-FE184ADBBE2D}
		{901D55BA-71EB-3962-83D8-F9762DB862FB} = {901D55BA-71EB-3962-83D8-F9762DB862FB}
		{71C4BFC6-1F0D-39A8-A52B-17E4CB6C77FF} = {71C4BFC6-1F0D-39A8-A52B-17E4CB6C77FF}
	EndProjectSection
EndProject
Global
	GlobalSection(SolutionConfigurationPlatforms) = preSolution
		Debug|Win32 = Debug|Win32
		Release|Win32 = Release|Win32
		MinSizeRel|Win32 = MinSizeRel|Win32
		RelWithDebInfo|Win32 = RelWithDebInfo|Win32
	EndGlobalSection
	GlobalSection(ProjectConfigurationPlatforms) = postSolution
		{8AAC2961-5812-3D77-A638-21B90D43A051}.Debug|Win32.ActiveCfg = Debug|Win32
		{8AAC2961-5812-3D77-A638-21B90D43A051}.Debug|Win32.Build.0 = Debug|Win32
		{8AAC2961-5812-3D77-A638-21B90D43A051}.Release|Win32.ActiveCfg = Release|Win32
		{8AAC2961-5812-3D77-A638-21B90D43A051}.Release|Win32.Build.0 = Release|Win32
		{8AAC2961-5812-3D77-A638-21B90D43A051}.MinSizeRel|Win32.ActiveCfg = MinSizeRel|Win32
		{8AAC2961-5812-3D77-A638-21B90D43A051}.MinSizeRel|Win32.Build.0 = MinSizeRel|Win32
		{8AAC2961-5812-3D77-A638-21B90D43A051}.RelWithDebInfo|Win32.ActiveCfg = RelWithDebInfo|Win32
		{8AAC2961-5812-3D77-A638-21B90D43A051}.RelWithDebInfo|Win32.Build.0 = RelWithDebInfo|Win32
		{5ACC9274-7045-3A38-948E-5D3ABAD63673}.Debug|Win32.ActiveCfg = Debug|Win32
		{5ACC9274-7045-3A38-948E-5D3ABAD63673}.Release|Win32.ActiveCfg = Release|Win32
		{5ACC9274-7045-3A38-948E-5D3ABAD63673}.MinSizeRel|Win32.ActiveCfg = MinSizeRel|Win32
		{5ACC9274-7045-3A38-948E-5D3ABAD63673}.RelWithDebInfo|Win32.ActiveCfg = RelWithDebInfo|Win32
		{1CD3442E-EF74-380C-97A1-0D9F34765A50}.Debug|Win32.ActiveCfg = Debug|Win32
		{1CD3442E-EF74-380C-97A1-0D9F34765A50}.Release|Win32.ActiveCfg = Release|Win32
		{1CD3442E-EF74-380C-97A1-0D9F34765A50}.MinSizeRel|Win32.ActiveCfg = MinSizeRel|Win32
		{1CD3442E-EF74-380C-97A1-0D9F34765A50}.RelWithDebInfo|Win32.ActiveCfg = RelWithDebInfo|Win32
		{D1B2EC30-0FF9-3FBF-9D06-6237E0EEBD8A}.Debug|Win32.ActiveCfg = Debug|Win32
		{D1B2EC30-0FF9-3FBF-9D06-6237E0EEBD8A}.Release|Win32.ActiveCfg = Release|Win32
		{D1B2EC30-0FF9-3FBF-9D06-6237E0EEBD8A}.MinSizeRel|Win32.ActiveCfg = MinSizeRel|Win32
		{D1B2EC30-0FF9-3FBF-9D06-6237E0EEBD8A}.RelWithDebInfo|Win32.ActiveCfg = RelWithDebInfo|Win32
		{246FF06F-3D51-3412-8401-3C70D702599E}.Debug|Win32.ActiveCfg = Debug|Win32
		{246FF06F-3D51-3412-8401-3C70D702599E}.Debug|Win32.Build.0 = Debug|Win32
		{246FF06F-3D51-3412-8401-3C70D702599E}.Release|Win32.ActiveCfg = Release|Win32
		{246FF06F-3D51-3412-8401-3C70D702599E}.Release|Win32.Build.0 = Release|Win32
		{246FF06F-3D51-3412-8401-3C70D702599E}.MinSizeRel|Win32.ActiveCfg = MinSizeRel|Win32
		{246FF06F-3D51-3412-8401-3C70D702599E}.MinSizeRel|Win32.Build.0 = MinSizeRel|Win32
		{246FF06F-3D51-3412-8401-3C70D702599E}.RelWithDebInfo|Win32.ActiveCfg = RelWithDebInfo|Win32
		{246FF06F-3D51-3412-8401-3C70D702599E}.RelWithDebInfo|Win32.Build.0 = RelWithDebInfo|Win32
		{FB95C375-BB25-3E67-B942-5D49B9AD18F1}.Debug|Win32.ActiveCfg = Debug|Win32
		{FB95C375-BB25-3E67-B942-5D49B9AD18F1}.Debug|Win32.Build.0 = Debug|Win32
		{FB95C375-BB25-3E67-B942-5D49B9AD18F1}.Release|Win32.ActiveCfg = Release|Win32
		{FB95C375-BB25-3E67-B942-5D49B9AD18F1}.Release|Win32.Build.0 = Release|Win32
		{FB95C375-BB25-3E67-B942-5D49B9AD18F1}.MinSizeRel|Win32.ActiveCfg = MinSizeRel|Win32
		{FB95C375-BB25-3E67-B942-5D49B9AD18F1}.MinSizeRel|Win32.Build.0 = MinSizeRel|Win32
		{FB95C375-BB25-3E67-B942-5D49B9AD18F1}.RelWithDebInfo|Win32.ActiveCfg = RelWithDebInfo|Win32
		{FB95C375-BB25-3E67-B942-5D49B9AD18F1}.RelWithDebInfo|Win32.Build.0 = RelWithDebInfo|Win32
		{321EE4C5-5C16-3951-996D-24DD446B21FD}.Debug|Win32.ActiveCfg = Debug|Win32
		{321EE4C5-5C16-3951-996D-24DD446B21FD}.Debug|Win32.Build.0 = Debug|Win32
		{321EE4C5-5C16-3951-996D-24DD446B21FD}.Release|Win32.ActiveCfg = Release|Win32
		{321EE4C5-5C16-3951-996D-24DD446B21FD}.Release|Win32.Build.0 = Release|Win32
		{321EE4C5-5C16-3951-996D-24DD446B21FD}.MinSizeRel|Win32.ActiveCfg = MinSizeRel|Win32
		{321EE4C5-5C16-3951-996D-24DD446B21FD}.MinSizeRel|Win32.Build.0 = MinSizeRel|Win32
		{321EE4C5-5C16-3951-996D-24DD446B21FD}.RelWithDebInfo|Win32.ActiveCfg = RelWithDebInfo|Win32
		{321EE4C5-5C16-3951-996D-24DD446B21FD}.RelWithDebInfo|Win32.Build.0 = RelWithDebInfo|Win32
		{740B3703-FD76-33A3-9544-E0AB08FEB197}.Debug|Win32.ActiveCfg = Debug|Win32
		{740B3703-FD76-33A3-9544-E0AB08FEB197}.Debug|Win32.Build.0 = Debug|Win32
		{740B3703-FD76-33A3-9544-E0AB08FEB197}.Release|Win32.ActiveCfg = Release|Win32
		{740B3703-FD76-33A3-9544-E0AB08FEB197}.Release|Win32.Build.0 = Release|Win32
		{740B3703-FD76-33A3-9544-E0AB08FEB197}.MinSizeRel|Win32.ActiveCfg = MinSizeRel|Win32
		{740B3703-FD76-33A3-9544-E0AB08FEB197}.MinSizeRel|Win32.Build.0 = MinSizeRel|Win32
		{740B3703-FD76-33A3-9544-E0AB08FEB197}.RelWithDebInfo|Win32.ActiveCfg = RelWithDebInfo|Win32
		{740B3703-FD76-33A3-9544-E0AB08FEB197}.RelWithDebInfo|Win32.Build.0 = RelWithDebInfo|Win32
		{B8A7686A-F8E8-3F33-BC22-0BE3076101F1}.Debug|Win32.ActiveCfg = Debug|Win32
		{B8A7686A-F8E8-3F33-BC22-0BE3076101F1}.Debug|Win32.Build.0 = Debug|Win32
		{B8A7686A-F8E8-3F33-BC22-0BE3076101F1}.Release|Win32.ActiveCfg = Release|Win32
		{B8A7686A-F8E8-3F33-BC22-0BE3076101F1}.Release|Win32.Build.0 = Release|Win32
		{B8A7686A-F8E8-3F33-BC22-0BE3076101F1}.MinSizeRel|Win32.ActiveCfg = MinSizeRel|Win32
		{B8A7686A-F8E8-3F33-BC22-0BE3076101F1}.MinSizeRel|Win32.Build.0 = MinSizeRel|Win32
		{B8A7686A-F8E8-3F33-BC22-0BE3076101F1}.RelWithDebInfo|Win32.ActiveCfg = RelWithDebInfo|Win32
		{B8A7686A-F8E8-3F33-BC22-0BE3076101F1}.RelWithDebInfo|Win32.Build.0 = RelWithDebInfo|Win32
		{CAB121C3-9541-3CC9-A628-C3FC9CE3EFAC}.Debug|Win32.ActiveCfg = Debug|Win32
		{CAB121C3-9541-3CC9-A628-C3FC9CE3EFAC}.Debug|Win32.Build.0 = Debug|Win32
		{CAB121C3-9541-3CC9-A628-C3FC9CE3EFAC}.Release|Win32.ActiveCfg = Release|Win32
		{CAB121C3-9541-3CC9-A628-C3FC9CE3EFAC}.Release|Win32.Build.0 = Release|Win32
		{CAB121C3-9541-3CC9-A628-C3FC9CE3EFAC}.MinSizeRel|Win32.ActiveCfg = MinSizeRel|Win32
		{CAB121C3-9541-3CC9-A628-C3FC9CE3EFAC}.MinSizeRel|Win32.Build.0 = MinSizeRel|Win32
		{CAB121C3-9541-3CC9-A628-C3FC9CE3EFAC}.RelWithDebInfo|Win32.ActiveCfg = RelWithDebInfo|Win32
		{CAB121C3-9541-3CC9-A628-C3FC9CE3EFAC}.RelWithDebInfo|Win32.Build.0 = RelWithDebInfo|Win32
		{7CA2FDF9-F1AA-3667-865B-D5DED8122A4B}.Debug|Win32.ActiveCfg = Debug|Win32
		{7CA2FDF9-F1AA-3667-865B-D5DED8122A4B}.Debug|Win32.Build.0 = Debug|Win32
		{7CA2FDF9-F1AA-3667-865B-D5DED8122A4B}.Release|Win32.ActiveCfg = Release|Win32
		{7CA2FDF9-F1AA-3667-865B-D5DED8122A4B}.Release|Win32.Build.0 = Release|Win32
		{7CA2FDF9-F1AA-3667-865B-D5DED8122A4B}.MinSizeRel|Win32.ActiveCfg = MinSizeRel|Win32
		{7CA2FDF9-F1AA-3667-865B-D5DED8122A4B}.MinSizeRel|Win32.Build.0 = MinSizeRel|Win32
		{7CA2FDF9-F1AA-3667-865B-D5DED8122A4B}.RelWithDebInfo|Win32.ActiveCfg = RelWithDebInfo|Win32
		{7CA2FDF9-F1AA-3667-865B-D5DED8122A4B}.RelWithDebInfo|Win32.Build.0 = RelWithDebInfo|Win32
		{86CF22C4-6F5F-3639-97A8-0B1BF44365C5}.Debug|Win32.ActiveCfg = Debug|Win32
		{86CF22C4-6F5F-3639-97A8-0B1BF44365C5}.Debug|Win32.Build.0 = Debug|Win32
		{86CF22C4-6F5F-3639-97A8-0B1BF44365C5}.Release|Win32.ActiveCfg = Release|Win32
		{86CF22C4-6F5F-3639-97A8-0B1BF44365C5}.Release|Win32.Build.0 = Release|Win32
		{86CF22C4-6F5F-3639-97A8-0B1BF44365C5}.MinSizeRel|Win32.ActiveCfg = MinSizeRel|Win32
		{86CF22C4-6F5F-3639-97A8-0B1BF44365C5}.MinSizeRel|Win32.Build.0 = MinSizeRel|Win32
		{86CF22C4-6F5F-3639-97A8-0B1BF44365C5}.RelWithDebInfo|Win32.ActiveCfg = RelWithDebInfo|Win32
		{86CF22C4-6F5F-3639-97A8-0B1BF44365C5}.RelWithDebInfo|Win32.Build.0 = RelWithDebInfo|Win32
		{AE3CBAF0-3B2F-322A-B194-942E928AEA2D}.Debug|Win32.ActiveCfg = Debug|Win32
		{AE3CBAF0-3B2F-322A-B194-942E928AEA2D}.Debug|Win32.Build.0 = Debug|Win32
		{AE3CBAF0-3B2F-322A-B194-942E928AEA2D}.Release|Win32.ActiveCfg = Release|Win32
		{AE3CBAF0-3B2F-322A-B194-942E928AEA2D}.Release|Win32.Build.0 = Release|Win32
		{AE3CBAF0-3B2F-322A-B194-942E928AEA2D}.MinSizeRel|Win32.ActiveCfg = MinSizeRel|Win32
		{AE3CBAF0-3B2F-322A-B194-942E928AEA2D}.MinSizeRel|Win32.Build.0 = MinSizeRel|Win32
		{AE3CBAF0-3B2F-322A-B194-942E928AEA2D}.RelWithDebInfo|Win32.ActiveCfg = RelWithDebInfo|Win32
		{AE3CBAF0-3B2F-322A-B194-942E928AEA2D}.RelWithDebInfo|Win32.Build.0 = RelWithDebInfo|Win32
		{4A26A2FE-EE8C-3110-BF5D-8D7FCD49A986}.Debug|Win32.ActiveCfg = Debug|Win32
		{4A26A2FE-EE8C-3110-BF5D-8D7FCD49A986}.Debug|Win32.Build.0 = Debug|Win32
		{4A26A2FE-EE8C-3110-BF5D-8D7FCD49A986}.Release|Win32.ActiveCfg = Release|Win32
		{4A26A2FE-EE8C-3110-BF5D-8D7FCD49A986}.Release|Win32.Build.0 = Release|Win32
		{4A26A2FE-EE8C-3110-BF5D-8D7FCD49A986}.MinSizeRel|Win32.ActiveCfg = MinSizeRel|Win32
		{4A26A2FE-EE8C-3110-BF5D-8D7FCD49A986}.MinSizeRel|Win32.Build.0 = MinSizeRel|Win32
		{4A26A2FE-EE8C-3110-BF5D-8D7FCD49A986}.RelWithDebInfo|Win32.ActiveCfg = RelWithDebInfo|Win32
		{4A26A2FE-EE8C-3110-BF5D-8D7FCD49A986}.RelWithDebInfo|Win32.Build.0 = RelWithDebInfo|Win32
		{6A1B1E78-7CED-36E1-AB45-568799E0BFE8}.Debug|Win32.ActiveCfg = Debug|Win32
		{6A1B1E78-7CED-36E1-AB45-568799E0BFE8}.Debug|Win32.Build.0 = Debug|Win32
		{6A1B1E78-7CED-36E1-AB45-568799E0BFE8}.Release|Win32.ActiveCfg = Release|Win32
		{6A1B1E78-7CED-36E1-AB45-568799E0BFE8}.Release|Win32.Build.0 = Release|Win32
		{6A1B1E78-7CED-36E1-AB45-568799E0BFE8}.MinSizeRel|Win32.ActiveCfg = MinSizeRel|Win32
		{6A1B1E78-7CED-36E1-AB45-568799E0BFE8}.MinSizeRel|Win32.Build.0 = MinSizeRel|Win32
		{6A1B1E78-7CED-36E1-AB45-568799E0BFE8}.RelWithDebInfo|Win32.ActiveCfg = RelWithDebInfo|Win32
		{6A1B1E78-7CED-36E1-AB45-568799E0BFE8}.RelWithDebInfo|Win32.Build.0 = RelWithDebInfo|Win32
		{AE5CB272-67E5-3FFB-881E-D73087B24C06}.Debug|Win32.ActiveCfg = Debug|Win32
		{AE5CB272-67E5-3FFB-881E-D73087B24C06}.Debug|Win32.Build.0 = Debug|Win32
		{AE5CB272-67E5-3FFB-881E-D73087B24C06}.Release|Win32.ActiveCfg = Release|Win32
		{AE5CB272-67E5-3FFB-881E-D73087B24C06}.Release|Win32.Build.0 = Release|Win32
		{AE5CB272-67E5-3FFB-881E-D73087B24C06}.MinSizeRel|Win32.ActiveCfg = MinSizeRel|Win32
		{AE5CB272-67E5-3FFB-881E-D73087B24C06}.MinSizeRel|Win32.Build.0 = MinSizeRel|Win32
		{AE5CB272-67E5-3FFB-881E-D73087B24C06}.RelWithDebInfo|Win32.ActiveCfg = RelWithDebInfo|Win32
		{AE5CB272-67E5-3FFB-881E-D73087B24C06}.RelWithDebInfo|Win32.Build.0 = RelWithDebInfo|Win32
		{254B5488-A88D-32DC-BA9C-B4E8F096A46C}.Debug|Win32.ActiveCfg = Debug|Win32
		{254B5488-A88D-32DC-BA9C-B4E8F096A46C}.Debug|Win32.Build.0 = Debug|Win32
		{254B5488-A88D-32DC-BA9C-B4E8F096A46C}.Release|Win32.ActiveCfg = Release|Win32
		{254B5488-A88D-32DC-BA9C-B4E8F096A46C}.Release|Win32.Build.0 = Release|Win32
		{254B5488-A88D-32DC-BA9C-B4E8F096A46C}.MinSizeRel|Win32.ActiveCfg = MinSizeRel|Win32
		{254B5488-A88D-32DC-BA9C-B4E8F096A46C}.MinSizeRel|Win32.Build.0 = MinSizeRel|Win32
		{254B5488-A88D-32DC-BA9C-B4E8F096A46C}.RelWithDebInfo|Win32.ActiveCfg = RelWithDebInfo|Win32
		{254B5488-A88D-32DC-BA9C-B4E8F096A46C}.RelWithDebInfo|Win32.Build.0 = RelWithDebInfo|Win32
		{F7BE4B5C-DD05-38AC-8C35-9497F761748A}.Debug|Win32.ActiveCfg = Debug|Win32
		{F7BE4B5C-DD05-38AC-8C35-9497F761748A}.Debug|Win32.Build.0 = Debug|Win32
		{F7BE4B5C-DD05-38AC-8C35-9497F761748A}.Release|Win32.ActiveCfg = Release|Win32
		{F7BE4B5C-DD05-38AC-8C35-9497F761748A}.Release|Win32.Build.0 = Release|Win32
		{F7BE4B5C-DD05-38AC-8C35-9497F761748A}.MinSizeRel|Win32.ActiveCfg = MinSizeRel|Win32
		{F7BE4B5C-DD05-38AC-8C35-9497F761748A}.MinSizeRel|Win32.Build.0 = MinSizeRel|Win32
		{F7BE4B5C-DD05-38AC-8C35-9497F761748A}.RelWithDebInfo|Win32.ActiveCfg = RelWithDebInfo|Win32
		{F7BE4B5C-DD05-38AC-8C35-9497F761748A}.RelWithDebInfo|Win32.Build.0 = RelWithDebInfo|Win32
		{22DE59A5-4D6D-3BF5-BC4A-C653359DE53B}.Debug|Win32.ActiveCfg = Debug|Win32
		{22DE59A5-4D6D-3BF5-BC4A-C653359DE53B}.Debug|Win32.Build.0 = Debug|Win32
		{22DE59A5-4D6D-3BF5-BC4A-C653359DE53B}.Release|Win32.ActiveCfg = Release|Win32
		{22DE59A5-4D6D-3BF5-BC4A-C653359DE53B}.Release|Win32.Build.0 = Release|Win32
		{22DE59A5-4D6D-3BF5-BC4A-C653359DE53B}.MinSizeRel|Win32.ActiveCfg = MinSizeRel|Win32
		{22DE59A5-4D6D-3BF5-BC4A-C653359DE53B}.MinSizeRel|Win32.Build.0 = MinSizeRel|Win32
		{22DE59A5-4D6D-3BF5-BC4A-C653359DE53B}.RelWithDebInfo|Win32.ActiveCfg = RelWithDebInfo|Win32
		{22DE59A5-4D6D-3BF5-BC4A-C653359DE53B}.RelWithDebInfo|Win32.Build.0 = RelWithDebInfo|Win32
		{18ADB613-AB30-38BC-B559-2C45F48E997F}.Debug|Win32.ActiveCfg = Debug|Win32
		{18ADB613-AB30-38BC-B559-2C45F48E997F}.Debug|Win32.Build.0 = Debug|Win32
		{18ADB613-AB30-38BC-B559-2C45F48E997F}.Release|Win32.ActiveCfg = Release|Win32
		{18ADB613-AB30-38BC-B559-2C45F48E997F}.Release|Win32.Build.0 = Release|Win32
		{18ADB613-AB30-38BC-B559-2C45F48E997F}.MinSizeRel|Win32.ActiveCfg = MinSizeRel|Win32
		{18ADB613-AB30-38BC-B559-2C45F48E997F}.MinSizeRel|Win32.Build.0 = MinSizeRel|Win32
		{18ADB613-AB30-38BC-B559-2C45F48E997F}.RelWithDebInfo|Win32.ActiveCfg = RelWithDebInfo|Win32
		{18ADB613-AB30-38BC-B559-2C45F48E997F}.RelWithDebInfo|Win32.Build.0 = RelWithDebInfo|Win32
		{C767C3B5-2323-3B6A-B524-CB9FC44F56AD}.Debug|Win32.ActiveCfg = Debug|Win32
		{C767C3B5-2323-3B6A-B524-CB9FC44F56AD}.Debug|Win32.Build.0 = Debug|Win32
		{C767C3B5-2323-3B6A-B524-CB9FC44F56AD}.Release|Win32.ActiveCfg = Release|Win32
		{C767C3B5-2323-3B6A-B524-CB9FC44F56AD}.Release|Win32.Build.0 = Release|Win32
		{C767C3B5-2323-3B6A-B524-CB9FC44F56AD}.MinSizeRel|Win32.ActiveCfg = MinSizeRel|Win32
		{C767C3B5-2323-3B6A-B524-CB9FC44F56AD}.MinSizeRel|Win32.Build.0 = MinSizeRel|Win32
		{C767C3B5-2323-3B6A-B524-CB9FC44F56AD}.RelWithDebInfo|Win32.ActiveCfg = RelWithDebInfo|Win32
		{C767C3B5-2323-3B6A-B524-CB9FC44F56AD}.RelWithDebInfo|Win32.Build.0 = RelWithDebInfo|Win32
		{422BC45B-A74C-3731-A5F6-2C39D6B21F39}.Debug|Win32.ActiveCfg = Debug|Win32
		{422BC45B-A74C-3731-A5F6-2C39D6B21F39}.Debug|Win32.Build.0 = Debug|Win32
		{422BC45B-A74C-3731-A5F6-2C39D6B21F39}.Release|Win32.ActiveCfg = Release|Win32
		{422BC45B-A74C-3731-A5F6-2C39D6B21F39}.Release|Win32.Build.0 = Release|Win32
		{422BC45B-A74C-3731-A5F6-2C39D6B21F39}.MinSizeRel|Win32.ActiveCfg = MinSizeRel|Win32
		{422BC45B-A74C-3731-A5F6-2C39D6B21F39}.MinSizeRel|Win32.Build.0 = MinSizeRel|Win32
		{422BC45B-A74C-3731-A5F6-2C39D6B21F39}.RelWithDebInfo|Win32.ActiveCfg = RelWithDebInfo|Win32
		{422BC45B-A74C-3731-A5F6-2C39D6B21F39}.RelWithDebInfo|Win32.Build.0 = RelWithDebInfo|Win32
		{A78B1CF1-04DD-3BBE-AA6B-EE49F395765C}.Debug|Win32.ActiveCfg = Debug|Win32
		{A78B1CF1-04DD-3BBE-AA6B-EE49F395765C}.Debug|Win32.Build.0 = Debug|Win32
		{A78B1CF1-04DD-3BBE-AA6B-EE49F395765C}.Release|Win32.ActiveCfg = Release|Win32
		{A78B1CF1-04DD-3BBE-AA6B-EE49F395765C}.Release|Win32.Build.0 = Release|Win32
		{A78B1CF1-04DD-3BBE-AA6B-EE49F395765C}.MinSizeRel|Win32.ActiveCfg = MinSizeRel|Win32
		{A78B1CF1-04DD-3BBE-AA6B-EE49F395765C}.MinSizeRel|Win32.Build.0 = MinSizeRel|Win32
		{A78B1CF1-04DD-3BBE-AA6B-EE49F395765C}.RelWithDebInfo|Win32.ActiveCfg = RelWithDebInfo|Win32
		{A78B1CF1-04DD-3BBE-AA6B-EE49F395765C}.RelWithDebInfo|Win32.Build.0 = RelWithDebInfo|Win32
		{1FF40D31-8642-3FE5-A358-272F55983F1C}.Debug|Win32.ActiveCfg = Debug|Win32
		{1FF40D31-8642-3FE5-A358-272F55983F1C}.Debug|Win32.Build.0 = Debug|Win32
		{1FF40D31-8642-3FE5-A358-272F55983F1C}.Release|Win32.ActiveCfg = Release|Win32
		{1FF40D31-8642-3FE5-A358-272F55983F1C}.Release|Win32.Build.0 = Release|Win32
		{1FF40D31-8642-3FE5-A358-272F55983F1C}.MinSizeRel|Win32.ActiveCfg = MinSizeRel|Win32
		{1FF40D31-8642-3FE5-A358-272F55983F1C}.MinSizeRel|Win32.Build.0 = MinSizeRel|Win32
		{1FF40D31-8642-3FE5-A358-272F55983F1C}.RelWithDebInfo|Win32.ActiveCfg = RelWithDebInfo|Win32
		{1FF40D31-8642-3FE5-A358-272F55983F1C}.RelWithDebInfo|Win32.Build.0 = RelWithDebInfo|Win32
		{7A5082C4-12A2-3703-9F04-1EF9779E6A7B}.Debug|Win32.ActiveCfg = Debug|Win32
		{7A5082C4-12A2-3703-9F04-1EF9779E6A7B}.Debug|Win32.Build.0 = Debug|Win32
		{7A5082C4-12A2-3703-9F04-1EF9779E6A7B}.Release|Win32.ActiveCfg = Release|Win32
		{7A5082C4-12A2-3703-9F04-1EF9779E6A7B}.Release|Win32.Build.0 = Release|Win32
		{7A5082C4-12A2-3703-9F04-1EF9779E6A7B}.MinSizeRel|Win32.ActiveCfg = MinSizeRel|Win32
		{7A5082C4-12A2-3703-9F04-1EF9779E6A7B}.MinSizeRel|Win32.Build.0 = MinSizeRel|Win32
		{7A5082C4-12A2-3703-9F04-1EF9779E6A7B}.RelWithDebInfo|Win32.ActiveCfg = RelWithDebInfo|Win32
		{7A5082C4-12A2-3703-9F04-1EF9779E6A7B}.RelWithDebInfo|Win32.Build.0 = RelWithDebInfo|Win32
		{47F46BE6-D372-377E-9293-9D8FD5550CC0}.Debug|Win32.ActiveCfg = Debug|Win32
		{47F46BE6-D372-377E-9293-9D8FD5550CC0}.Debug|Win32.Build.0 = Debug|Win32
		{47F46BE6-D372-377E-9293-9D8FD5550CC0}.Release|Win32.ActiveCfg = Release|Win32
		{47F46BE6-D372-377E-9293-9D8FD5550CC0}.Release|Win32.Build.0 = Release|Win32
		{47F46BE6-D372-377E-9293-9D8FD5550CC0}.MinSizeRel|Win32.ActiveCfg = MinSizeRel|Win32
		{47F46BE6-D372-377E-9293-9D8FD5550CC0}.MinSizeRel|Win32.Build.0 = MinSizeRel|Win32
		{47F46BE6-D372-377E-9293-9D8FD5550CC0}.RelWithDebInfo|Win32.ActiveCfg = RelWithDebInfo|Win32
		{47F46BE6-D372-377E-9293-9D8FD5550CC0}.RelWithDebInfo|Win32.Build.0 = RelWithDebInfo|Win32
		{3BE8C2CE-8E4D-3286-945E-6B2FEA84F144}.Debug|Win32.ActiveCfg = Debug|Win32
		{3BE8C2CE-8E4D-3286-945E-6B2FEA84F144}.Debug|Win32.Build.0 = Debug|Win32
		{3BE8C2CE-8E4D-3286-945E-6B2FEA84F144}.Release|Win32.ActiveCfg = Release|Win32
		{3BE8C2CE-8E4D-3286-945E-6B2FEA84F144}.Release|Win32.Build.0 = Release|Win32
		{3BE8C2CE-8E4D-3286-945E-6B2FEA84F144}.MinSizeRel|Win32.ActiveCfg = MinSizeRel|Win32
		{3BE8C2CE-8E4D-3286-945E-6B2FEA84F144}.MinSizeRel|Win32.Build.0 = MinSizeRel|Win32
		{3BE8C2CE-8E4D-3286-945E-6B2FEA84F144}.RelWithDebInfo|Win32.ActiveCfg = RelWithDebInfo|Win32
		{3BE8C2CE-8E4D-3286-945E-6B2FEA84F144}.RelWithDebInfo|Win32.Build.0 = RelWithDebInfo|Win32
		{403E78D0-5345-3E7B-A21A-11D8B8CA6049}.Debug|Win32.ActiveCfg = Debug|Win32
		{403E78D0-5345-3E7B-A21A-11D8B8CA6049}.Debug|Win32.Build.0 = Debug|Win32
		{403E78D0-5345-3E7B-A21A-11D8B8CA6049}.Release|Win32.ActiveCfg = Release|Win32
		{403E78D0-5345-3E7B-A21A-11D8B8CA6049}.Release|Win32.Build.0 = Release|Win32
		{403E78D0-5345-3E7B-A21A-11D8B8CA6049}.MinSizeRel|Win32.ActiveCfg = MinSizeRel|Win32
		{403E78D0-5345-3E7B-A21A-11D8B8CA6049}.MinSizeRel|Win32.Build.0 = MinSizeRel|Win32
		{403E78D0-5345-3E7B-A21A-11D8B8CA6049}.RelWithDebInfo|Win32.ActiveCfg = RelWithDebInfo|Win32
		{403E78D0-5345-3E7B-A21A-11D8B8CA6049}.RelWithDebInfo|Win32.Build.0 = RelWithDebInfo|Win32
		{46CEA4BB-2702-3AF5-8F6A-018870328B51}.Debug|Win32.ActiveCfg = Debug|Win32
		{46CEA4BB-2702-3AF5-8F6A-018870328B51}.Debug|Win32.Build.0 = Debug|Win32
		{46CEA4BB-2702-3AF5-8F6A-018870328B51}.Release|Win32.ActiveCfg = Release|Win32
		{46CEA4BB-2702-3AF5-8F6A-018870328B51}.Release|Win32.Build.0 = Release|Win32
		{46CEA4BB-2702-3AF5-8F6A-018870328B51}.MinSizeRel|Win32.ActiveCfg = MinSizeRel|Win32
		{46CEA4BB-2702-3AF5-8F6A-018870328B51}.MinSizeRel|Win32.Build.0 = MinSizeRel|Win32
		{46CEA4BB-2702-3AF5-8F6A-018870328B51}.RelWithDebInfo|Win32.ActiveCfg = RelWithDebInfo|Win32
		{46CEA4BB-2702-3AF5-8F6A-018870328B51}.RelWithDebInfo|Win32.Build.0 = RelWithDebInfo|Win32
		{9D4884C3-42FE-3277-A34F-781C732F6B29}.Debug|Win32.ActiveCfg = Debug|Win32
		{9D4884C3-42FE-3277-A34F-781C732F6B29}.Debug|Win32.Build.0 = Debug|Win32
		{9D4884C3-42FE-3277-A34F-781C732F6B29}.Release|Win32.ActiveCfg = Release|Win32
		{9D4884C3-42FE-3277-A34F-781C732F6B29}.Release|Win32.Build.0 = Release|Win32
		{9D4884C3-42FE-3277-A34F-781C732F6B29}.MinSizeRel|Win32.ActiveCfg = MinSizeRel|Win32
		{9D4884C3-42FE-3277-A34F-781C732F6B29}.MinSizeRel|Win32.Build.0 = MinSizeRel|Win32
		{9D4884C3-42FE-3277-A34F-781C732F6B29}.RelWithDebInfo|Win32.ActiveCfg = RelWithDebInfo|Win32
		{9D4884C3-42FE-3277-A34F-781C732F6B29}.RelWithDebInfo|Win32.Build.0 = RelWithDebInfo|Win32
		{215D2052-638C-3D57-AB89-FE184ADBBE2D}.Debug|Win32.ActiveCfg = Debug|Win32
		{215D2052-638C-3D57-AB89-FE184ADBBE2D}.Debug|Win32.Build.0 = Debug|Win32
		{215D2052-638C-3D57-AB89-FE184ADBBE2D}.Release|Win32.ActiveCfg = Release|Win32
		{215D2052-638C-3D57-AB89-FE184ADBBE2D}.Release|Win32.Build.0 = Release|Win32
		{215D2052-638C-3D57-AB89-FE184ADBBE2D}.MinSizeRel|Win32.ActiveCfg = MinSizeRel|Win32
		{215D2052-638C-3D57-AB89-FE184ADBBE2D}.MinSizeRel|Win32.Build.0 = MinSizeRel|Win32
		{215D2052-638C-3D57-AB89-FE184ADBBE2D}.RelWithDebInfo|Win32.ActiveCfg = RelWithDebInfo|Win32
		{215D2052-638C-3D57-AB89-FE184ADBBE2D}.RelWithDebInfo|Win32.Build.0 = RelWithDebInfo|Win32
		{901D55BA-71EB-3962-83D8-F9762DB862FB}.Debug|Win32.ActiveCfg = Debug|Win32
		{901D55BA-71EB-3962-83D8-F9762DB862FB}.Debug|Win32.Build.0 = Debug|Win32
		{901D55BA-71EB-3962-83D8-F9762DB862FB}.Release|Win32.ActiveCfg = Release|Win32
		{901D55BA-71EB-3962-83D8-F9762DB862FB}.Release|Win32.Build.0 = Release|Win32
		{901D55BA-71EB-3962-83D8-F9762DB862FB}.MinSizeRel|Win32.ActiveCfg = MinSizeRel|Win32
		{901D55BA-71EB-3962-83D8-F9762DB862FB}.MinSizeRel|Win32.Build.0 = MinSizeRel|Win32
		{901D55BA-71EB-3962-83D8-F9762DB862FB}.RelWithDebInfo|Win32.ActiveCfg = RelWithDebInfo|Win32
		{901D55BA-71EB-3962-83D8-F9762DB862FB}.RelWithDebInfo|Win32.Build.0 = RelWithDebInfo|Win32
		{71C4BFC6-1F0D-39A8-A52B-17E4CB6C77FF}.Debug|Win32.ActiveCfg = Debug|Win32
		{71C4BFC6-1F0D-39A8-A52B-17E4CB6C77FF}.Debug|Win32.Build.0 = Debug|Win32
		{71C4BFC6-1F0D-39A8-A52B-17E4CB6C77FF}.Release|Win32.ActiveCfg = Release|Win32
		{71C4BFC6-1F0D-39A8-A52B-17E4CB6C77FF}.Release|Win32.Build.0 = Release|Win32
		{71C4BFC6-1F0D-39A8-A52B-17E4CB6C77FF}.MinSizeRel|Win32.ActiveCfg = MinSizeRel|Win32
		{71C4BFC6-1F0D-39A8-A52B-17E4CB6C77FF}.MinSizeRel|Win32.Build.0 = MinSizeRel|Win32
		{71C4BFC6-1F0D-39A8-A52B-17E4CB6C77FF}.RelWithDebInfo|Win32.ActiveCfg = RelWithDebInfo|Win32
		{71C4BFC6-1F0D-39A8-A52B-17E4CB6C77FF}.RelWithDebInfo|Win32.Build.0 = RelWithDebInfo|Win32
		{0569A5FF-F8F1-3E90-80AE-A3E13ECC707A}.Debug|Win32.ActiveCfg = Debug|Win32
		{0569A5FF-F8F1-3E90-80AE-A3E13ECC707A}.Debug|Win32.Build.0 = Debug|Win32
		{0569A5FF-F8F1-3E90-80AE-A3E13ECC707A}.Release|Win32.ActiveCfg = Release|Win32
		{0569A5FF-F8F1-3E90-80AE-A3E13ECC707A}.Release|Win32.Build.0 = Release|Win32
		{0569A5FF-F8F1-3E90-80AE-A3E13ECC707A}.MinSizeRel|Win32.ActiveCfg = MinSizeRel|Win32
		{0569A5FF-F8F1-3E90-80AE-A3E13ECC707A}.MinSizeRel|Win32.Build.0 = MinSizeRel|Win32
		{0569A5FF-F8F1-3E90-80AE-A3E13ECC707A}.RelWithDebInfo|Win32.ActiveCfg = RelWithDebInfo|Win32
		{0569A5FF-F8F1-3E90-80AE-A3E13ECC707A}.RelWithDebInfo|Win32.Build.0 = RelWithDebInfo|Win32
		{0DFF76C7-6E69-3AAE-8D15-37203542C187}.Debug|Win32.ActiveCfg = Debug|Win32
		{0DFF76C7-6E69-3AAE-8D15-37203542C187}.Debug|Win32.Build.0 = Debug|Win32
		{0DFF76C7-6E69-3AAE-8D15-37203542C187}.Release|Win32.ActiveCfg = Release|Win32
		{0DFF76C7-6E69-3AAE-8D15-37203542C187}.Release|Win32.Build.0 = Release|Win32
		{0DFF76C7-6E69-3AAE-8D15-37203542C187}.MinSizeRel|Win32.ActiveCfg = MinSizeRel|Win32
		{0DFF76C7-6E69-3AAE-8D15-37203542C187}.MinSizeRel|Win32.Build.0 = MinSizeRel|Win32
		{0DFF76C7-6E69-3AAE-8D15-37203542C187}.RelWithDebInfo|Win32.ActiveCfg = RelWithDebInfo|Win32
		{0DFF76C7-6E69-3AAE-8D15-37203542C187}.RelWithDebInfo|Win32.Build.0 = RelWithDebInfo|Win32
		{BFF71DC7-CC03-3F70-8515-A13D3E3734E0}.Debug|Win32.ActiveCfg = Debug|Win32
		{BFF71DC7-CC03-3F70-8515-A13D3E3734E0}.Debug|Win32.Build.0 = Debug|Win32
		{BFF71DC7-CC03-3F70-8515-A13D3E3734E0}.Release|Win32.ActiveCfg = Release|Win32
		{BFF71DC7-CC03-3F70-8515-A13D3E3734E0}.Release|Win32.Build.0 = Release|Win32
		{BFF71DC7-CC03-3F70-8515-A13D3E3734E0}.MinSizeRel|Win32.ActiveCfg = MinSizeRel|Win32
		{BFF71DC7-CC03-3F70-8515-A13D3E3734E0}.MinSizeRel|Win32.Build.0 = MinSizeRel|Win32
		{BFF71DC7-CC03-3F70-8515-A13D3E3734E0}.RelWithDebInfo|Win32.ActiveCfg = RelWithDebInfo|Win32
		{BFF71DC7-CC03-3F70-8515-A13D3E3734E0}.RelWithDebInfo|Win32.Build.0 = RelWithDebInfo|Win32
		{C3DAF9F5-7397-359C-984F-1898588B6E29}.Debug|Win32.ActiveCfg = Debug|Win32
		{C3DAF9F5-7397-359C-984F-1898588B6E29}.Debug|Win32.Build.0 = Debug|Win32
		{C3DAF9F5-7397-359C-984F-1898588B6E29}.Release|Win32.ActiveCfg = Release|Win32
		{C3DAF9F5-7397-359C-984F-1898588B6E29}.Release|Win32.Build.0 = Release|Win32
		{C3DAF9F5-7397-359C-984F-1898588B6E29}.MinSizeRel|Win32.ActiveCfg = MinSizeRel|Win32
		{C3DAF9F5-7397-359C-984F-1898588B6E29}.MinSizeRel|Win32.Build.0 = MinSizeRel|Win32
		{C3DAF9F5-7397-359C-984F-1898588B6E29}.RelWithDebInfo|Win32.ActiveCfg = RelWithDebInfo|Win32
		{C3DAF9F5-7397-359C-984F-1898588B6E29}.RelWithDebInfo|Win32.Build.0 = RelWithDebInfo|Win32
		{B77E6DB8-FC6C-3E43-A017-1461E5204C64}.Debug|Win32.ActiveCfg = Debug|Win32
		{B77E6DB8-FC6C-3E43-A017-1461E5204C64}.Debug|Win32.Build.0 = Debug|Win32
		{B77E6DB8-FC6C-3E43-A017-1461E5204C64}.Release|Win32.ActiveCfg = Release|Win32
		{B77E6DB8-FC6C-3E43-A017-1461E5204C64}.Release|Win32.Build.0 = Release|Win32
		{B77E6DB8-FC6C-3E43-A017-1461E5204C64}.MinSizeRel|Win32.ActiveCfg = MinSizeRel|Win32
		{B77E6DB8-FC6C-3E43-A017-1461E5204C64}.MinSizeRel|Win32.Build.0 = MinSizeRel|Win32
		{B77E6DB8-FC6C-3E43-A017-1461E5204C64}.RelWithDebInfo|Win32.ActiveCfg = RelWithDebInfo|Win32
		{B77E6DB8-FC6C-3E43-A017-1461E5204C64}.RelWithDebInfo|Win32.Build.0 = RelWithDebInfo|Win32
		{AB985708-A70A-39B0-A2B4-86B8DC720D3D}.Debug|Win32.ActiveCfg = Debug|Win32
		{AB985708-A70A-39B0-A2B4-86B8DC720D3D}.Debug|Win32.Build.0 = Debug|Win32
		{AB985708-A70A-39B0-A2B4-86B8DC720D3D}.Release|Win32.ActiveCfg = Release|Win32
		{AB985708-A70A-39B0-A2B4-86B8DC720D3D}.Release|Win32.Build.0 = Release|Win32
		{AB985708-A70A-39B0-A2B4-86B8DC720D3D}.MinSizeRel|Win32.ActiveCfg = MinSizeRel|Win32
		{AB985708-A70A-39B0-A2B4-86B8DC720D3D}.MinSizeRel|Win32.Build.0 = MinSizeRel|Win32
		{AB985708-A70A-39B0-A2B4-86B8DC720D3D}.RelWithDebInfo|Win32.ActiveCfg = RelWithDebInfo|Win32
		{AB985708-A70A-39B0-A2B4-86B8DC720D3D}.RelWithDebInfo|Win32.Build.0 = RelWithDebInfo|Win32
		{6C25B327-09EF-363E-86A6-A41B0C469FD3}.Debug|Win32.ActiveCfg = Debug|Win32
		{6C25B327-09EF-363E-86A6-A41B0C469FD3}.Debug|Win32.Build.0 = Debug|Win32
		{6C25B327-09EF-363E-86A6-A41B0C469FD3}.Release|Win32.ActiveCfg = Release|Win32
		{6C25B327-09EF-363E-86A6-A41B0C469FD3}.Release|Win32.Build.0 = Release|Win32
		{6C25B327-09EF-363E-86A6-A41B0C469FD3}.MinSizeRel|Win32.ActiveCfg = MinSizeRel|Win32
		{6C25B327-09EF-363E-86A6-A41B0C469FD3}.MinSizeRel|Win32.Build.0 = MinSizeRel|Win32
		{6C25B327-09EF-363E-86A6-A41B0C469FD3}.RelWithDebInfo|Win32.ActiveCfg = RelWithDebInfo|Win32
		{6C25B327-09EF-363E-86A6-A41B0C469FD3}.RelWithDebInfo|Win32.Build.0 = RelWithDebInfo|Win32
		{1E110C53-A627-3C2B-BE77-B50E59B9BFEC}.Debug|Win32.ActiveCfg = Debug|Win32
		{1E110C53-A627-3C2B-BE77-B50E59B9BFEC}.Debug|Win32.Build.0 = Debug|Win32
		{1E110C53-A627-3C2B-BE77-B50E59B9BFEC}.Release|Win32.ActiveCfg = Release|Win32
		{1E110C53-A627-3C2B-BE77-B50E59B9BFEC}.Release|Win32.Build.0 = Release|Win32
		{1E110C53-A627-3C2B-BE77-B50E59B9BFEC}.MinSizeRel|Win32.ActiveCfg = MinSizeRel|Win32
		{1E110C53-A627-3C2B-BE77-B50E59B9BFEC}.MinSizeRel|Win32.Build.0 = MinSizeRel|Win32
		{1E110C53-A627-3C2B-BE77-B50E59B9BFEC}.RelWithDebInfo|Win32.ActiveCfg = RelWithDebInfo|Win32
		{1E110C53-A627-3C2B-BE77-B50E59B9BFEC}.RelWithDebInfo|Win32.Build.0 = RelWithDebInfo|Win32
		{C80717F7-75A2-3B13-A70C-5EA6247D4F10}.Debug|Win32.ActiveCfg = Debug|Win32
		{C80717F7-75A2-3B13-A70C-5EA6247D4F10}.Debug|Win32.Build.0 = Debug|Win32
		{C80717F7-75A2-3B13-A70C-5EA6247D4F10}.Release|Win32.ActiveCfg = Release|Win32
		{C80717F7-75A2-3B13-A70C-5EA6247D4F10}.Release|Win32.Build.0 = Release|Win32
		{C80717F7-75A2-3B13-A70C-5EA6247D4F10}.MinSizeRel|Win32.ActiveCfg = MinSizeRel|Win32
		{C80717F7-75A2-3B13-A70C-5EA6247D4F10}.MinSizeRel|Win32.Build.0 = MinSizeRel|Win32
		{C80717F7-75A2-3B13-A70C-5EA6247D4F10}.RelWithDebInfo|Win32.ActiveCfg = RelWithDebInfo|Win32
		{C80717F7-75A2-3B13-A70C-5EA6247D4F10}.RelWithDebInfo|Win32.Build.0 = RelWithDebInfo|Win32
		{3368603E-DCD4-3E66-A8BA-177C63F02136}.Debug|Win32.ActiveCfg = Debug|Win32
		{3368603E-DCD4-3E66-A8BA-177C63F02136}.Debug|Win32.Build.0 = Debug|Win32
		{3368603E-DCD4-3E66-A8BA-177C63F02136}.Release|Win32.ActiveCfg = Release|Win32
		{3368603E-DCD4-3E66-A8BA-177C63F02136}.Release|Win32.Build.0 = Release|Win32
		{3368603E-DCD4-3E66-A8BA-177C63F02136}.MinSizeRel|Win32.ActiveCfg = MinSizeRel|Win32
		{3368603E-DCD4-3E66-A8BA-177C63F02136}.MinSizeRel|Win32.Build.0 = MinSizeRel|Win32
		{3368603E-DCD4-3E66-A8BA-177C63F02136}.RelWithDebInfo|Win32.ActiveCfg = RelWithDebInfo|Win32
		{3368603E-DCD4-3E66-A8BA-177C63F02136}.RelWithDebInfo|Win32.Build.0 = RelWithDebInfo|Win32
		{E5F52792-E865-3916-8FF1-13C6645FF7CA}.Debug|Win32.ActiveCfg = Debug|Win32
		{E5F52792-E865-3916-8FF1-13C6645FF7CA}.Debug|Win32.Build.0 = Debug|Win32
		{E5F52792-E865-3916-8FF1-13C6645FF7CA}.Release|Win32.ActiveCfg = Release|Win32
		{E5F52792-E865-3916-8FF1-13C6645FF7CA}.Release|Win32.Build.0 = Release|Win32
		{E5F52792-E865-3916-8FF1-13C6645FF7CA}.MinSizeRel|Win32.ActiveCfg = MinSizeRel|Win32
		{E5F52792-E865-3916-8FF1-13C6645FF7CA}.MinSizeRel|Win32.Build.0 = MinSizeRel|Win32
		{E5F52792-E865-3916-8FF1-13C6645FF7CA}.RelWithDebInfo|Win32.ActiveCfg = RelWithDebInfo|Win32
		{E5F52792-E865-3916-8FF1-13C6645FF7CA}.RelWithDebInfo|Win32.Build.0 = RelWithDebInfo|Win32
	EndGlobalSection
	GlobalSection(ExtensibilityGlobals) = postSolution
	EndGlobalSection
	GlobalSection(ExtensibilityAddIns) = postSolution
	EndGlobalSection
EndGlobal
